
Microsoft Visual Studio Solution File, Format Version 12.00
# Visual Studio Version 17
VisualStudioVersion = 17.0.31903.59
MinimumVisualStudioVersion = 10.0.40219.1
Project("{FAE04EC0-301F-11D3-BF4B-00C04F79EFBC}") = "EventManagerApp", "EventManagerApp\EventManagerApp.csproj", "{8A5A0CE5-B61F-4EA3-91E6-E22A35515730}"
EndProject
Project("{FAE04EC0-301F-11D3-BF4B-00C04F79EFBC}") = "Entities", "Entities\Entities.csproj", "{E60A5DD8-825C-4605-B8BA-304D80367332}"
EndProject
Project("{FAE04EC0-301F-11D3-BF4B-00C04F79EFBC}") = "Repositories", "Repositories\Repositories.csproj", "{BC96AC87-5608-4549-B4D0-1FF0C564FD5B}"
EndProject
Global
	GlobalSection(SolutionConfigurationPlatforms) = preSolution
		Debug|Any CPU = Debug|Any CPU
		Debug|x64 = Debug|x64
		Debug|x86 = Debug|x86
		Release|Any CPU = Release|Any CPU
		Release|x64 = Release|x64
		Release|x86 = Release|x86
	EndGlobalSection
	GlobalSection(ProjectConfigurationPlatforms) = postSolution
		{8A5A0CE5-B61F-4EA3-91E6-E22A35515730}.Debug|Any CPU.ActiveCfg = Debug|Any CPU
		{8A5A0CE5-B61F-4EA3-91E6-E22A35515730}.Debug|Any CPU.Build.0 = Debug|Any CPU
		{8A5A0CE5-B61F-4EA3-91E6-E22A35515730}.Debug|x64.ActiveCfg = Debug|Any CPU
		{8A5A0CE5-B61F-4EA3-91E6-E22A35515730}.Debug|x64.Build.0 = Debug|Any CPU
		{8A5A0CE5-B61F-4EA3-91E6-E22A35515730}.Debug|x86.ActiveCfg = Debug|Any CPU
		{8A5A0CE5-B61F-4EA3-91E6-E22A35515730}.Debug|x86.Build.0 = Debug|Any CPU
		{8A5A0CE5-B61F-4EA3-91E6-E22A35515730}.Release|Any CPU.ActiveCfg = Release|Any CPU
		{8A5A0CE5-B61F-4EA3-91E6-E22A35515730}.Release|Any CPU.Build.0 = Release|Any CPU
		{8A5A0CE5-B61F-4EA3-91E6-E22A35515730}.Release|x64.ActiveCfg = Release|Any CPU
		{8A5A0CE5-B61F-4EA3-91E6-E22A35515730}.Release|x64.Build.0 = Release|Any CPU
		{8A5A0CE5-B61F-4EA3-91E6-E22A35515730}.Release|x86.ActiveCfg = Release|Any CPU
		{8A5A0CE5-B61F-4EA3-91E6-E22A35515730}.Release|x86.Build.0 = Release|Any CPU
		{E60A5DD8-825C-4605-B8BA-304D80367332}.Debug|Any CPU.ActiveCfg = Debug|Any CPU
		{E60A5DD8-825C-4605-B8BA-304D80367332}.Debug|Any CPU.Build.0 = Debug|Any CPU
		{E60A5DD8-825C-4605-B8BA-304D80367332}.Debug|x64.ActiveCfg = Debug|Any CPU
		{E60A5DD8-825C-4605-B8BA-304D80367332}.Debug|x64.Build.0 = Debug|Any CPU
		{E60A5DD8-825C-4605-B8BA-304D80367332}.Debug|x86.ActiveCfg = Debug|Any CPU
		{E60A5DD8-825C-4605-B8BA-304D80367332}.Debug|x86.Build.0 = Debug|Any CPU
		{E60A5DD8-825C-4605-B8BA-304D80367332}.Release|Any CPU.ActiveCfg = Release|Any CPU
		{E60A5DD8-825C-4605-B8BA-304D80367332}.Release|Any CPU.Build.0 = Release|Any CPU
		{E60A5DD8-825C-4605-B8BA-304D80367332}.Release|x64.ActiveCfg = Release|Any CPU
		{E60A5DD8-825C-4605-B8BA-304D80367332}.Release|x64.Build.0 = Release|Any CPU
		{E60A5DD8-825C-4605-B8BA-304D80367332}.Release|x86.ActiveCfg = Release|Any CPU
		{E60A5DD8-825C-4605-B8BA-304D80367332}.Release|x86.Build.0 = Release|Any CPU
		{BC96AC87-5608-4549-B4D0-1FF0C564FD5B}.Debug|Any CPU.ActiveCfg = Debug|Any CPU
		{BC96AC87-5608-4549-B4D0-1FF0C564FD5B}.Debug|Any CPU.Build.0 = Debug|Any CPU
		{BC96AC87-5608-4549-B4D0-1FF0C564FD5B}.Debug|x64.ActiveCfg = Debug|Any CPU
		{BC96AC87-5608-4549-B4D0-1FF0C564FD5B}.Debug|x64.Build.0 = Debug|Any CPU
		{BC96AC87-5608-4549-B4D0-1FF0C564FD5B}.Debug|x86.ActiveCfg = Debug|Any CPU
		{BC96AC87-5608-4549-B4D0-1FF0C564FD5B}.Debug|x86.Build.0 = Debug|Any CPU
		{BC96AC87-5608-4549-B4D0-1FF0C564FD5B}.Release|Any CPU.ActiveCfg = Release|Any CPU
		{BC96AC87-5608-4549-B4D0-1FF0C564FD5B}.Release|Any CPU.Build.0 = Release|Any CPU
		{BC96AC87-5608-4549-B4D0-1FF0C564FD5B}.Release|x64.ActiveCfg = Release|Any CPU
		{BC96AC87-5608-4549-B4D0-1FF0C564FD5B}.Release|x64.Build.0 = Release|Any CPU
		{BC96AC87-5608-4549-B4D0-1FF0C564FD5B}.Release|x86.ActiveCfg = Release|Any CPU
		{BC96AC87-5608-4549-B4D0-1FF0C564FD5B}.Release|x86.Build.0 = Release|Any CPU
	EndGlobalSection
	GlobalSection(SolutionProperties) = preSolution
		HideSolutionNode = FALSE
	EndGlobalSection
EndGlobal
